
Microsoft Visual Studio Solution File, Format Version 12.00
# Visual Studio 2013
VisualStudioVersion = 12.0.21005.1
MinimumVisualStudioVersion = 10.0.40219.1
Project("{FAE04EC0-301F-11D3-BF4B-00C04F79EFBC}") = "TestUDPBroadcastServer", "TestUDPBroadcastServer\TestUDPBroadcastServer.csproj", "{CFD01F99-0A43-441F-847D-683AC82901BA}"
EndProject
Project("{FAE04EC0-301F-11D3-BF4B-00C04F79EFBC}") = "TestUDPBroadcastClient", "TestUDPBroadcastClient\TestUDPBroadcastClient.csproj", "{DB655CAA-1ECD-4FBB-AA2A-54A35C165D22}"
EndProject
Global
	GlobalSection(SolutionConfigurationPlatforms) = preSolution
		Debug|Any CPU = Debug|Any CPU
		Release|Any CPU = Release|Any CPU
	EndGlobalSection
	GlobalSection(ProjectConfigurationPlatforms) = postSolution
		{CFD01F99-0A43-441F-847D-683AC82901BA}.Debug|Any CPU.ActiveCfg = Debug|Any CPU
		{CFD01F99-0A43-441F-847D-683AC82901BA}.Debug|Any CPU.Build.0 = Debug|Any CPU
		{CFD01F99-0A43-441F-847D-683AC82901BA}.Release|Any CPU.ActiveCfg = Release|Any CPU
		{CFD01F99-0A43-441F-847D-683AC82901BA}.Release|Any CPU.Build.0 = Release|Any CPU
		{DB655CAA-1ECD-4FBB-AA2A-54A35C165D22}.Debug|Any CPU.ActiveCfg = Debug|Any CPU
		{DB655CAA-1ECD-4FBB-AA2A-54A35C165D22}.Debug|Any CPU.Build.0 = Debug|Any CPU
		{DB655CAA-1ECD-4FBB-AA2A-54A35C165D22}.Release|Any CPU.ActiveCfg = Release|Any CPU
		{DB655CAA-1ECD-4FBB-AA2A-54A35C165D22}.Release|Any CPU.Build.0 = Release|Any CPU
	EndGlobalSection
	GlobalSection(SolutionProperties) = preSolution
		HideSolutionNode = FALSE
	EndGlobalSection
EndGlobal
